
Microsoft Visual Studio Solution File, Format Version 12.00
# Visual Studio 15
VisualStudioVersion = 15.0.27703.2018
MinimumVisualStudioVersion = 10.0.40219.1
Project("{FAE04EC0-301F-11D3-BF4B-00C04F79EFBC}") = "Geocoder", "Geocoder\Geocoder.csproj", "{8E317876-5030-4CFA-8A82-CECC68842412}"
EndProject
Project("{FAE04EC0-301F-11D3-BF4B-00C04F79EFBC}") = "KeyGen", "KeyGen\KeyGen.csproj", "{380F89CA-E651-47ED-AE02-838169471255}"
EndProject
Global
	GlobalSection(SolutionConfigurationPlatforms) = preSolution
		Debug|Any CPU = Debug|Any CPU
		Release|Any CPU = Release|Any CPU
	EndGlobalSection
	GlobalSection(ProjectConfigurationPlatforms) = postSolution
		{8E317876-5030-4CFA-8A82-CECC68842412}.Debug|Any CPU.ActiveCfg = Debug|Any CPU
		{8E317876-5030-4CFA-8A82-CECC68842412}.Debug|Any CPU.Build.0 = Debug|Any CPU
		{8E317876-5030-4CFA-8A82-CECC68842412}.Release|Any CPU.ActiveCfg = Release|Any CPU
		{8E317876-5030-4CFA-8A82-CECC68842412}.Release|Any CPU.Build.0 = Release|Any CPU
		{380F89CA-E651-47ED-AE02-838169471255}.Debug|Any CPU.ActiveCfg = Debug|Any CPU
		{380F89CA-E651-47ED-AE02-838169471255}.Debug|Any CPU.Build.0 = Debug|Any CPU
		{380F89CA-E651-47ED-AE02-838169471255}.Release|Any CPU.ActiveCfg = Release|Any CPU
		{380F89CA-E651-47ED-AE02-838169471255}.Release|Any CPU.Build.0 = Release|Any CPU
	EndGlobalSection
	GlobalSection(SolutionProperties) = preSolution
		HideSolutionNode = FALSE
	EndGlobalSection
	GlobalSection(ExtensibilityGlobals) = postSolution
		SolutionGuid = {60181D36-8647-45DD-A715-A003875A5836}
	EndGlobalSection
EndGlobal
